
Microsoft Visual Studio Solution File, Format Version 12.00
# Visual Studio 14
VisualStudioVersion = 14.0.24720.0
MinimumVisualStudioVersion = 10.0.40219.1
Project("{FAE04EC0-301F-11D3-BF4B-00C04F79EFBC}") = "www.design-pattern.com", "www.design-pattern.com\www.design-pattern.com.csproj", "{3790220E-5F86-4B13-BB16-69C4CC7D40DE}"
EndProject
Project("{2150E333-8FDC-42A3-9474-1A3956D46DE8}") = "Structured Pattern", "Structured Pattern", "{7514CC3E-3F62-43CD-8038-9DC8FA9E471E}"
EndProject
Project("{2150E333-8FDC-42A3-9474-1A3956D46DE8}") = "Creational Pattern", "Creational Pattern", "{C1EA4180-9106-43C6-AA95-3A5B8CC53054}"
EndProject
Project("{2150E333-8FDC-42A3-9474-1A3956D46DE8}") = "Behavior Pattern", "Behavior Pattern", "{A41A081D-7F57-4A77-90DE-519244E78FC5}"
EndProject
Project("{FAE04EC0-301F-11D3-BF4B-00C04F79EFBC}") = "ChainOfResponsibility", "Chain Of Responsibility\ChainOfResponsibility.csproj", "{2612DC56-C59B-42D1-A0D3-BE21561B1022}"
EndProject
Project("{FAE04EC0-301F-11D3-BF4B-00C04F79EFBC}") = "Command", "Command\Command.csproj", "{61250540-AF70-49DD-8EA0-1B7B57A68CC4}"
EndProject
Project("{FAE04EC0-301F-11D3-BF4B-00C04F79EFBC}") = "Interpreter", "Interpreter\Interpreter.csproj", "{D284A02E-5E34-4A0C-BFBA-FD3E972412DF}"
EndProject
Project("{FAE04EC0-301F-11D3-BF4B-00C04F79EFBC}") = "Iterator", "Iterator\Iterator.csproj", "{75A915BD-232B-4C1C-B2AB-BAD53A82124A}"
EndProject
Project("{FAE04EC0-301F-11D3-BF4B-00C04F79EFBC}") = "Mediator", "Mediator\Mediator.csproj", "{9E8AD188-F0C5-4B38-A731-FB4BD1794B12}"
EndProject
Project("{FAE04EC0-301F-11D3-BF4B-00C04F79EFBC}") = "Memento", "Memento\Memento.csproj", "{6C968276-4180-40CD-B237-E54D4990E3EF}"
EndProject
Project("{FAE04EC0-301F-11D3-BF4B-00C04F79EFBC}") = "Observer", "Observer\Observer.csproj", "{5A54EEDB-C857-4525-889C-6593B3B83001}"
EndProject
Project("{FAE04EC0-301F-11D3-BF4B-00C04F79EFBC}") = "State", "State\State.csproj", "{958BECB8-59A6-4674-B469-C9B3B5301876}"
EndProject
Project("{FAE04EC0-301F-11D3-BF4B-00C04F79EFBC}") = "Strategy", "Strategy\Strategy.csproj", "{486C8BA7-1F44-47D4-A6DA-E88C3EBCA6E1}"
EndProject
Project("{FAE04EC0-301F-11D3-BF4B-00C04F79EFBC}") = "TemplateMethod", "TemplateMethod\TemplateMethod.csproj", "{DE1D9ADC-6B5F-4FD3-B3F2-254079E001BD}"
EndProject
Project("{FAE04EC0-301F-11D3-BF4B-00C04F79EFBC}") = "Visitor", "Visitor\Visitor.csproj", "{76FA07EE-CCF4-44FC-AA07-743291328AAC}"
EndProject
Project("{FAE04EC0-301F-11D3-BF4B-00C04F79EFBC}") = "AbstractFactory", "AbstractFactory\AbstractFactory.csproj", "{FCE3BA0A-4B43-4D15-BED3-60BF36743315}"
EndProject
Project("{FAE04EC0-301F-11D3-BF4B-00C04F79EFBC}") = "Builder", "Builder\Builder.csproj", "{9E14A7E2-0C12-478A-96D8-04B90E8DA41E}"
EndProject
Project("{FAE04EC0-301F-11D3-BF4B-00C04F79EFBC}") = "FactoryMethod", "FactoryMethod\FactoryMethod.csproj", "{C852F7C1-5792-46DB-85E3-5849FB5F2E56}"
EndProject
Project("{FAE04EC0-301F-11D3-BF4B-00C04F79EFBC}") = "Prototype", "Prototype\Prototype.csproj", "{D2B7CA76-4C67-42A3-B2A5-8A3B6EFC7CFF}"
EndProject
Project("{FAE04EC0-301F-11D3-BF4B-00C04F79EFBC}") = "Singleton", "Singleton\Singleton.csproj", "{D4508FFC-F1AF-440C-A406-9CEB14DCE8FF}"
EndProject
Project("{FAE04EC0-301F-11D3-BF4B-00C04F79EFBC}") = "Adapter", "Adapter\Adapter.csproj", "{7433EBF3-30AF-4DA3-B80F-96312C4EC31D}"
EndProject
Project("{FAE04EC0-301F-11D3-BF4B-00C04F79EFBC}") = "Bridge", "Bridge\Bridge.csproj", "{38674C8B-0EAB-4B46-8859-3AFA7DBBD848}"
EndProject
Project("{FAE04EC0-301F-11D3-BF4B-00C04F79EFBC}") = "Composite", "Composite\Composite.csproj", "{13973AE3-B804-4CA5-97CC-BE324489670A}"
EndProject
Project("{FAE04EC0-301F-11D3-BF4B-00C04F79EFBC}") = "Decorator", "Decorator\Decorator.csproj", "{3FE4F7AE-77B3-48ED-A8E4-3BC5E45A5FFD}"
EndProject
Project("{FAE04EC0-301F-11D3-BF4B-00C04F79EFBC}") = "Facade", "Facade\Facade.csproj", "{22CDC856-B0E0-46D6-9E7A-274801456F6E}"
EndProject
Project("{FAE04EC0-301F-11D3-BF4B-00C04F79EFBC}") = "Flyweight", "Flyweight\Flyweight.csproj", "{E9FEB16D-38C5-4AF7-9957-53EEEBEE353D}"
EndProject
Project("{FAE04EC0-301F-11D3-BF4B-00C04F79EFBC}") = "Proxy", "Proxy\Proxy.csproj", "{A8DAD768-8223-4273-9740-B9604BA5B168}"
EndProject
Global
	GlobalSection(SolutionConfigurationPlatforms) = preSolution
		Debug|Any CPU = Debug|Any CPU
		Release|Any CPU = Release|Any CPU
	EndGlobalSection
	GlobalSection(ProjectConfigurationPlatforms) = postSolution
		{3790220E-5F86-4B13-BB16-69C4CC7D40DE}.Debug|Any CPU.ActiveCfg = Debug|Any CPU
		{3790220E-5F86-4B13-BB16-69C4CC7D40DE}.Debug|Any CPU.Build.0 = Debug|Any CPU
		{3790220E-5F86-4B13-BB16-69C4CC7D40DE}.Release|Any CPU.ActiveCfg = Release|Any CPU
		{3790220E-5F86-4B13-BB16-69C4CC7D40DE}.Release|Any CPU.Build.0 = Release|Any CPU
		{2612DC56-C59B-42D1-A0D3-BE21561B1022}.Debug|Any CPU.ActiveCfg = Debug|Any CPU
		{2612DC56-C59B-42D1-A0D3-BE21561B1022}.Debug|Any CPU.Build.0 = Debug|Any CPU
		{2612DC56-C59B-42D1-A0D3-BE21561B1022}.Release|Any CPU.ActiveCfg = Release|Any CPU
		{2612DC56-C59B-42D1-A0D3-BE21561B1022}.Release|Any CPU.Build.0 = Release|Any CPU
		{61250540-AF70-49DD-8EA0-1B7B57A68CC4}.Debug|Any CPU.ActiveCfg = Debug|Any CPU
		{61250540-AF70-49DD-8EA0-1B7B57A68CC4}.Debug|Any CPU.Build.0 = Debug|Any CPU
		{61250540-AF70-49DD-8EA0-1B7B57A68CC4}.Release|Any CPU.ActiveCfg = Release|Any CPU
		{61250540-AF70-49DD-8EA0-1B7B57A68CC4}.Release|Any CPU.Build.0 = Release|Any CPU
		{D284A02E-5E34-4A0C-BFBA-FD3E972412DF}.Debug|Any CPU.ActiveCfg = Debug|Any CPU
		{D284A02E-5E34-4A0C-BFBA-FD3E972412DF}.Debug|Any CPU.Build.0 = Debug|Any CPU
		{D284A02E-5E34-4A0C-BFBA-FD3E972412DF}.Release|Any CPU.ActiveCfg = Release|Any CPU
		{D284A02E-5E34-4A0C-BFBA-FD3E972412DF}.Release|Any CPU.Build.0 = Release|Any CPU
		{75A915BD-232B-4C1C-B2AB-BAD53A82124A}.Debug|Any CPU.ActiveCfg = Debug|Any CPU
		{75A915BD-232B-4C1C-B2AB-BAD53A82124A}.Debug|Any CPU.Build.0 = Debug|Any CPU
		{75A915BD-232B-4C1C-B2AB-BAD53A82124A}.Release|Any CPU.ActiveCfg = Release|Any CPU
		{75A915BD-232B-4C1C-B2AB-BAD53A82124A}.Release|Any CPU.Build.0 = Release|Any CPU
		{9E8AD188-F0C5-4B38-A731-FB4BD1794B12}.Debug|Any CPU.ActiveCfg = Debug|Any CPU
		{9E8AD188-F0C5-4B38-A731-FB4BD1794B12}.Debug|Any CPU.Build.0 = Debug|Any CPU
		{9E8AD188-F0C5-4B38-A731-FB4BD1794B12}.Release|Any CPU.ActiveCfg = Release|Any CPU
		{9E8AD188-F0C5-4B38-A731-FB4BD1794B12}.Release|Any CPU.Build.0 = Release|Any CPU
		{6C968276-4180-40CD-B237-E54D4990E3EF}.Debug|Any CPU.ActiveCfg = Debug|Any CPU
		{6C968276-4180-40CD-B237-E54D4990E3EF}.Debug|Any CPU.Build.0 = Debug|Any CPU
		{6C968276-4180-40CD-B237-E54D4990E3EF}.Release|Any CPU.ActiveCfg = Release|Any CPU
		{6C968276-4180-40CD-B237-E54D4990E3EF}.Release|Any CPU.Build.0 = Release|Any CPU
		{5A54EEDB-C857-4525-889C-6593B3B83001}.Debug|Any CPU.ActiveCfg = Debug|Any CPU
		{5A54EEDB-C857-4525-889C-6593B3B83001}.Debug|Any CPU.Build.0 = Debug|Any CPU
		{5A54EEDB-C857-4525-889C-6593B3B83001}.Release|Any CPU.ActiveCfg = Release|Any CPU
		{5A54EEDB-C857-4525-889C-6593B3B83001}.Release|Any CPU.Build.0 = Release|Any CPU
		{958BECB8-59A6-4674-B469-C9B3B5301876}.Debug|Any CPU.ActiveCfg = Debug|Any CPU
		{958BECB8-59A6-4674-B469-C9B3B5301876}.Debug|Any CPU.Build.0 = Debug|Any CPU
		{958BECB8-59A6-4674-B469-C9B3B5301876}.Release|Any CPU.ActiveCfg = Release|Any CPU
		{958BECB8-59A6-4674-B469-C9B3B5301876}.Release|Any CPU.Build.0 = Release|Any CPU
		{486C8BA7-1F44-47D4-A6DA-E88C3EBCA6E1}.Debug|Any CPU.ActiveCfg = Debug|Any CPU
		{486C8BA7-1F44-47D4-A6DA-E88C3EBCA6E1}.Debug|Any CPU.Build.0 = Debug|Any CPU
		{486C8BA7-1F44-47D4-A6DA-E88C3EBCA6E1}.Release|Any CPU.ActiveCfg = Release|Any CPU
		{486C8BA7-1F44-47D4-A6DA-E88C3EBCA6E1}.Release|Any CPU.Build.0 = Release|Any CPU
		{DE1D9ADC-6B5F-4FD3-B3F2-254079E001BD}.Debug|Any CPU.ActiveCfg = Debug|Any CPU
		{DE1D9ADC-6B5F-4FD3-B3F2-254079E001BD}.Debug|Any CPU.Build.0 = Debug|Any CPU
		{DE1D9ADC-6B5F-4FD3-B3F2-254079E001BD}.Release|Any CPU.ActiveCfg = Release|Any CPU
		{DE1D9ADC-6B5F-4FD3-B3F2-254079E001BD}.Release|Any CPU.Build.0 = Release|Any CPU
		{76FA07EE-CCF4-44FC-AA07-743291328AAC}.Debug|Any CPU.ActiveCfg = Debug|Any CPU
		{76FA07EE-CCF4-44FC-AA07-743291328AAC}.Debug|Any CPU.Build.0 = Debug|Any CPU
		{76FA07EE-CCF4-44FC-AA07-743291328AAC}.Release|Any CPU.ActiveCfg = Release|Any CPU
		{76FA07EE-CCF4-44FC-AA07-743291328AAC}.Release|Any CPU.Build.0 = Release|Any CPU
		{FCE3BA0A-4B43-4D15-BED3-60BF36743315}.Debug|Any CPU.ActiveCfg = Debug|Any CPU
		{FCE3BA0A-4B43-4D15-BED3-60BF36743315}.Debug|Any CPU.Build.0 = Debug|Any CPU
		{FCE3BA0A-4B43-4D15-BED3-60BF36743315}.Release|Any CPU.ActiveCfg = Release|Any CPU
		{FCE3BA0A-4B43-4D15-BED3-60BF36743315}.Release|Any CPU.Build.0 = Release|Any CPU
		{9E14A7E2-0C12-478A-96D8-04B90E8DA41E}.Debug|Any CPU.ActiveCfg = Debug|Any CPU
		{9E14A7E2-0C12-478A-96D8-04B90E8DA41E}.Debug|Any CPU.Build.0 = Debug|Any CPU
		{9E14A7E2-0C12-478A-96D8-04B90E8DA41E}.Release|Any CPU.ActiveCfg = Release|Any CPU
		{9E14A7E2-0C12-478A-96D8-04B90E8DA41E}.Release|Any CPU.Build.0 = Release|Any CPU
		{C852F7C1-5792-46DB-85E3-5849FB5F2E56}.Debug|Any CPU.ActiveCfg = Debug|Any CPU
		{C852F7C1-5792-46DB-85E3-5849FB5F2E56}.Debug|Any CPU.Build.0 = Debug|Any CPU
		{C852F7C1-5792-46DB-85E3-5849FB5F2E56}.Release|Any CPU.ActiveCfg = Release|Any CPU
		{C852F7C1-5792-46DB-85E3-5849FB5F2E56}.Release|Any CPU.Build.0 = Release|Any CPU
		{D2B7CA76-4C67-42A3-B2A5-8A3B6EFC7CFF}.Debug|Any CPU.ActiveCfg = Debug|Any CPU
		{D2B7CA76-4C67-42A3-B2A5-8A3B6EFC7CFF}.Debug|Any CPU.Build.0 = Debug|Any CPU
		{D2B7CA76-4C67-42A3-B2A5-8A3B6EFC7CFF}.Release|Any CPU.ActiveCfg = Release|Any CPU
		{D2B7CA76-4C67-42A3-B2A5-8A3B6EFC7CFF}.Release|Any CPU.Build.0 = Release|Any CPU
		{D4508FFC-F1AF-440C-A406-9CEB14DCE8FF}.Debug|Any CPU.ActiveCfg = Debug|Any CPU
		{D4508FFC-F1AF-440C-A406-9CEB14DCE8FF}.Debug|Any CPU.Build.0 = Debug|Any CPU
		{D4508FFC-F1AF-440C-A406-9CEB14DCE8FF}.Release|Any CPU.ActiveCfg = Release|Any CPU
		{D4508FFC-F1AF-440C-A406-9CEB14DCE8FF}.Release|Any CPU.Build.0 = Release|Any CPU
		{7433EBF3-30AF-4DA3-B80F-96312C4EC31D}.Debug|Any CPU.ActiveCfg = Debug|Any CPU
		{7433EBF3-30AF-4DA3-B80F-96312C4EC31D}.Debug|Any CPU.Build.0 = Debug|Any CPU
		{7433EBF3-30AF-4DA3-B80F-96312C4EC31D}.Release|Any CPU.ActiveCfg = Release|Any CPU
		{7433EBF3-30AF-4DA3-B80F-96312C4EC31D}.Release|Any CPU.Build.0 = Release|Any CPU
		{38674C8B-0EAB-4B46-8859-3AFA7DBBD848}.Debug|Any CPU.ActiveCfg = Debug|Any CPU
		{38674C8B-0EAB-4B46-8859-3AFA7DBBD848}.Debug|Any CPU.Build.0 = Debug|Any CPU
		{38674C8B-0EAB-4B46-8859-3AFA7DBBD848}.Release|Any CPU.ActiveCfg = Release|Any CPU
		{38674C8B-0EAB-4B46-8859-3AFA7DBBD848}.Release|Any CPU.Build.0 = Release|Any CPU
		{13973AE3-B804-4CA5-97CC-BE324489670A}.Debug|Any CPU.ActiveCfg = Debug|Any CPU
		{13973AE3-B804-4CA5-97CC-BE324489670A}.Debug|Any CPU.Build.0 = Debug|Any CPU
		{13973AE3-B804-4CA5-97CC-BE324489670A}.Release|Any CPU.ActiveCfg = Release|Any CPU
		{13973AE3-B804-4CA5-97CC-BE324489670A}.Release|Any CPU.Build.0 = Release|Any CPU
		{3FE4F7AE-77B3-48ED-A8E4-3BC5E45A5FFD}.Debug|Any CPU.ActiveCfg = Debug|Any CPU
		{3FE4F7AE-77B3-48ED-A8E4-3BC5E45A5FFD}.Debug|Any CPU.Build.0 = Debug|Any CPU
		{3FE4F7AE-77B3-48ED-A8E4-3BC5E45A5FFD}.Release|Any CPU.ActiveCfg = Release|Any CPU
		{3FE4F7AE-77B3-48ED-A8E4-3BC5E45A5FFD}.Release|Any CPU.Build.0 = Release|Any CPU
		{22CDC856-B0E0-46D6-9E7A-274801456F6E}.Debug|Any CPU.ActiveCfg = Debug|Any CPU
		{22CDC856-B0E0-46D6-9E7A-274801456F6E}.Debug|Any CPU.Build.0 = Debug|Any CPU
		{22CDC856-B0E0-46D6-9E7A-274801456F6E}.Release|Any CPU.ActiveCfg = Release|Any CPU
		{22CDC856-B0E0-46D6-9E7A-274801456F6E}.Release|Any CPU.Build.0 = Release|Any CPU
		{E9FEB16D-38C5-4AF7-9957-53EEEBEE353D}.Debug|Any CPU.ActiveCfg = Debug|Any CPU
		{E9FEB16D-38C5-4AF7-9957-53EEEBEE353D}.Debug|Any CPU.Build.0 = Debug|Any CPU
		{E9FEB16D-38C5-4AF7-9957-53EEEBEE353D}.Release|Any CPU.ActiveCfg = Release|Any CPU
		{E9FEB16D-38C5-4AF7-9957-53EEEBEE353D}.Release|Any CPU.Build.0 = Release|Any CPU
		{A8DAD768-8223-4273-9740-B9604BA5B168}.Debug|Any CPU.ActiveCfg = Debug|Any CPU
		{A8DAD768-8223-4273-9740-B9604BA5B168}.Debug|Any CPU.Build.0 = Debug|Any CPU
		{A8DAD768-8223-4273-9740-B9604BA5B168}.Release|Any CPU.ActiveCfg = Release|Any CPU
		{A8DAD768-8223-4273-9740-B9604BA5B168}.Release|Any CPU.Build.0 = Release|Any CPU
	EndGlobalSection
	GlobalSection(SolutionProperties) = preSolution
		HideSolutionNode = FALSE
	EndGlobalSection
	GlobalSection(NestedProjects) = preSolution
		{2612DC56-C59B-42D1-A0D3-BE21561B1022} = {A41A081D-7F57-4A77-90DE-519244E78FC5}
		{61250540-AF70-49DD-8EA0-1B7B57A68CC4} = {A41A081D-7F57-4A77-90DE-519244E78FC5}
		{D284A02E-5E34-4A0C-BFBA-FD3E972412DF} = {A41A081D-7F57-4A77-90DE-519244E78FC5}
		{75A915BD-232B-4C1C-B2AB-BAD53A82124A} = {A41A081D-7F57-4A77-90DE-519244E78FC5}
		{9E8AD188-F0C5-4B38-A731-FB4BD1794B12} = {A41A081D-7F57-4A77-90DE-519244E78FC5}
		{6C968276-4180-40CD-B237-E54D4990E3EF} = {A41A081D-7F57-4A77-90DE-519244E78FC5}
		{5A54EEDB-C857-4525-889C-6593B3B83001} = {A41A081D-7F57-4A77-90DE-519244E78FC5}
		{958BECB8-59A6-4674-B469-C9B3B5301876} = {A41A081D-7F57-4A77-90DE-519244E78FC5}
		{486C8BA7-1F44-47D4-A6DA-E88C3EBCA6E1} = {A41A081D-7F57-4A77-90DE-519244E78FC5}
		{DE1D9ADC-6B5F-4FD3-B3F2-254079E001BD} = {A41A081D-7F57-4A77-90DE-519244E78FC5}
		{76FA07EE-CCF4-44FC-AA07-743291328AAC} = {A41A081D-7F57-4A77-90DE-519244E78FC5}
		{FCE3BA0A-4B43-4D15-BED3-60BF36743315} = {C1EA4180-9106-43C6-AA95-3A5B8CC53054}
		{9E14A7E2-0C12-478A-96D8-04B90E8DA41E} = {C1EA4180-9106-43C6-AA95-3A5B8CC53054}
		{C852F7C1-5792-46DB-85E3-5849FB5F2E56} = {C1EA4180-9106-43C6-AA95-3A5B8CC53054}
		{D2B7CA76-4C67-42A3-B2A5-8A3B6EFC7CFF} = {C1EA4180-9106-43C6-AA95-3A5B8CC53054}
		{D4508FFC-F1AF-440C-A406-9CEB14DCE8FF} = {C1EA4180-9106-43C6-AA95-3A5B8CC53054}
		{7433EBF3-30AF-4DA3-B80F-96312C4EC31D} = {7514CC3E-3F62-43CD-8038-9DC8FA9E471E}
		{38674C8B-0EAB-4B46-8859-3AFA7DBBD848} = {7514CC3E-3F62-43CD-8038-9DC8FA9E471E}
		{13973AE3-B804-4CA5-97CC-BE324489670A} = {7514CC3E-3F62-43CD-8038-9DC8FA9E471E}
		{3FE4F7AE-77B3-48ED-A8E4-3BC5E45A5FFD} = {7514CC3E-3F62-43CD-8038-9DC8FA9E471E}
		{22CDC856-B0E0-46D6-9E7A-274801456F6E} = {7514CC3E-3F62-43CD-8038-9DC8FA9E471E}
		{E9FEB16D-38C5-4AF7-9957-53EEEBEE353D} = {7514CC3E-3F62-43CD-8038-9DC8FA9E471E}
		{A8DAD768-8223-4273-9740-B9604BA5B168} = {7514CC3E-3F62-43CD-8038-9DC8FA9E471E}
	EndGlobalSection
EndGlobal
